
Microsoft Visual Studio Solution File, Format Version 12.00
# Visual Studio Version 17
VisualStudioVersion = 17.0.31903.59
MinimumVisualStudioVersion = 10.0.40219.1
Project("{2150E333-8FDC-42A3-9474-1A3956D46DE8}") = "src", "src", "{827E0CD3-B72D-47B6-A68D-7590B98EB39B}"
EndProject
Project("{FAE04EC0-301F-11D3-BF4B-00C04F79EFBC}") = "morla.hosts.mcp", "src\morla.hosts.mcp\morla.hosts.mcp.csproj", "{E1ED7AEB-4C08-48CF-8CED-6AA64E555A5C}"
EndProject
Project("{FAE04EC0-301F-11D3-BF4B-00C04F79EFBC}") = "morla.hosts.server", "src\morla.hosts.server\morla.hosts.server.csproj", "{B3F4955F-297D-460D-8754-0CD74BDCAB75}"
EndProject
Project("{2150E333-8FDC-42A3-9474-1A3956D46DE8}") = "morla.hosts.ui", "morla.hosts.ui", "{03C1337E-E2C1-710F-A2A2-EFEB42D0371B}"
EndProject
Project("{FAE04EC0-301F-11D3-BF4B-00C04F79EFBC}") = "morla.host.ui", "src\morla.hosts.ui\morla.host.ui.csproj", "{C141873B-3913-4B27-AEAA-C65217177E94}"
EndProject
Project("{FAE04EC0-301F-11D3-BF4B-00C04F79EFBC}") = "morla.hosts", "src\morla.hosts\morla.hosts.csproj", "{7F43FBED-14A4-4B45-8DA1-317E6B2FE78C}"
EndProject
Project("{FAE04EC0-301F-11D3-BF4B-00C04F79EFBC}") = "morla.hosts.migrations", "src\morla.hosts.migrations\morla.hosts.migrations.csproj", "{F8E4C5D6-2B7A-4E3F-9C1D-8A6F5B2E9D3C}"
EndProject
Project("{FAE04EC0-301F-11D3-BF4B-00C04F79EFBC}") = "morla.infrastructure", "src\morla.infrastructure\morla.infrastructure.csproj", "{4996A52A-B5A9-48B9-A87E-9A735423BF61}"
EndProject
Project("{FAE04EC0-301F-11D3-BF4B-00C04F79EFBC}") = "morla.domain", "src\morla.domain\morla.domain.csproj", "{A9374B6B-2CF8-4298-879E-38C9A8B442FC}"
EndProject
Project("{FAE04EC0-301F-11D3-BF4B-00C04F79EFBC}") = "morla.application", "src\morla.application\morla.application.csproj", "{3D0F1627-ABC7-41C0-86D5-C11791998223}"
EndProject
Global
	GlobalSection(SolutionConfigurationPlatforms) = preSolution
		Debug|Any CPU = Debug|Any CPU
		Debug|x64 = Debug|x64
		Debug|x86 = Debug|x86
		Release|Any CPU = Release|Any CPU
		Release|x64 = Release|x64
		Release|x86 = Release|x86
	EndGlobalSection
	GlobalSection(ProjectConfigurationPlatforms) = postSolution
		{E1ED7AEB-4C08-48CF-8CED-6AA64E555A5C}.Debug|Any CPU.ActiveCfg = Debug|Any CPU
		{E1ED7AEB-4C08-48CF-8CED-6AA64E555A5C}.Debug|Any CPU.Build.0 = Debug|Any CPU
		{E1ED7AEB-4C08-48CF-8CED-6AA64E555A5C}.Debug|x64.ActiveCfg = Debug|Any CPU
		{E1ED7AEB-4C08-48CF-8CED-6AA64E555A5C}.Debug|x64.Build.0 = Debug|Any CPU
		{E1ED7AEB-4C08-48CF-8CED-6AA64E555A5C}.Debug|x86.ActiveCfg = Debug|Any CPU
		{E1ED7AEB-4C08-48CF-8CED-6AA64E555A5C}.Debug|x86.Build.0 = Debug|Any CPU
		{E1ED7AEB-4C08-48CF-8CED-6AA64E555A5C}.Release|Any CPU.ActiveCfg = Release|Any CPU
		{E1ED7AEB-4C08-48CF-8CED-6AA64E555A5C}.Release|Any CPU.Build.0 = Release|Any CPU
		{E1ED7AEB-4C08-48CF-8CED-6AA64E555A5C}.Release|x64.ActiveCfg = Release|Any CPU
		{E1ED7AEB-4C08-48CF-8CED-6AA64E555A5C}.Release|x64.Build.0 = Release|Any CPU
		{E1ED7AEB-4C08-48CF-8CED-6AA64E555A5C}.Release|x86.ActiveCfg = Release|Any CPU
		{E1ED7AEB-4C08-48CF-8CED-6AA64E555A5C}.Release|x86.Build.0 = Release|Any CPU
		{B3F4955F-297D-460D-8754-0CD74BDCAB75}.Debug|Any CPU.ActiveCfg = Debug|Any CPU
		{B3F4955F-297D-460D-8754-0CD74BDCAB75}.Debug|Any CPU.Build.0 = Debug|Any CPU
		{B3F4955F-297D-460D-8754-0CD74BDCAB75}.Debug|x64.ActiveCfg = Debug|Any CPU
		{B3F4955F-297D-460D-8754-0CD74BDCAB75}.Debug|x64.Build.0 = Debug|Any CPU
		{B3F4955F-297D-460D-8754-0CD74BDCAB75}.Debug|x86.ActiveCfg = Debug|Any CPU
		{B3F4955F-297D-460D-8754-0CD74BDCAB75}.Debug|x86.Build.0 = Debug|Any CPU
		{B3F4955F-297D-460D-8754-0CD74BDCAB75}.Release|Any CPU.ActiveCfg = Release|Any CPU
		{B3F4955F-297D-460D-8754-0CD74BDCAB75}.Release|Any CPU.Build.0 = Release|Any CPU
		{B3F4955F-297D-460D-8754-0CD74BDCAB75}.Release|x64.ActiveCfg = Release|Any CPU
		{B3F4955F-297D-460D-8754-0CD74BDCAB75}.Release|x64.Build.0 = Release|Any CPU
		{B3F4955F-297D-460D-8754-0CD74BDCAB75}.Release|x86.ActiveCfg = Release|Any CPU
		{B3F4955F-297D-460D-8754-0CD74BDCAB75}.Release|x86.Build.0 = Release|Any CPU
		{C141873B-3913-4B27-AEAA-C65217177E94}.Debug|Any CPU.ActiveCfg = Debug|Any CPU
		{C141873B-3913-4B27-AEAA-C65217177E94}.Debug|Any CPU.Build.0 = Debug|Any CPU
		{C141873B-3913-4B27-AEAA-C65217177E94}.Debug|x64.ActiveCfg = Debug|Any CPU
		{C141873B-3913-4B27-AEAA-C65217177E94}.Debug|x64.Build.0 = Debug|Any CPU
		{C141873B-3913-4B27-AEAA-C65217177E94}.Debug|x86.ActiveCfg = Debug|Any CPU
		{C141873B-3913-4B27-AEAA-C65217177E94}.Debug|x86.Build.0 = Debug|Any CPU
		{C141873B-3913-4B27-AEAA-C65217177E94}.Release|Any CPU.ActiveCfg = Release|Any CPU
		{C141873B-3913-4B27-AEAA-C65217177E94}.Release|Any CPU.Build.0 = Release|Any CPU
		{C141873B-3913-4B27-AEAA-C65217177E94}.Release|x64.ActiveCfg = Release|Any CPU
		{C141873B-3913-4B27-AEAA-C65217177E94}.Release|x64.Build.0 = Release|Any CPU
		{C141873B-3913-4B27-AEAA-C65217177E94}.Release|x86.ActiveCfg = Release|Any CPU
		{C141873B-3913-4B27-AEAA-C65217177E94}.Release|x86.Build.0 = Release|Any CPU
		{7F43FBED-14A4-4B45-8DA1-317E6B2FE78C}.Debug|Any CPU.ActiveCfg = Debug|Any CPU
		{7F43FBED-14A4-4B45-8DA1-317E6B2FE78C}.Debug|Any CPU.Build.0 = Debug|Any CPU
		{7F43FBED-14A4-4B45-8DA1-317E6B2FE78C}.Debug|x64.ActiveCfg = Debug|Any CPU
		{7F43FBED-14A4-4B45-8DA1-317E6B2FE78C}.Debug|x64.Build.0 = Debug|Any CPU
		{7F43FBED-14A4-4B45-8DA1-317E6B2FE78C}.Debug|x86.ActiveCfg = Debug|Any CPU
		{7F43FBED-14A4-4B45-8DA1-317E6B2FE78C}.Debug|x86.Build.0 = Debug|Any CPU
		{7F43FBED-14A4-4B45-8DA1-317E6B2FE78C}.Release|Any CPU.ActiveCfg = Release|Any CPU
		{7F43FBED-14A4-4B45-8DA1-317E6B2FE78C}.Release|Any CPU.Build.0 = Release|Any CPU
		{7F43FBED-14A4-4B45-8DA1-317E6B2FE78C}.Release|x64.ActiveCfg = Release|Any CPU
		{7F43FBED-14A4-4B45-8DA1-317E6B2FE78C}.Release|x64.Build.0 = Release|Any CPU
		{7F43FBED-14A4-4B45-8DA1-317E6B2FE78C}.Release|x86.ActiveCfg = Release|Any CPU
		{7F43FBED-14A4-4B45-8DA1-317E6B2FE78C}.Release|x86.Build.0 = Release|Any CPU
		{F8E4C5D6-2B7A-4E3F-9C1D-8A6F5B2E9D3C}.Debug|Any CPU.ActiveCfg = Debug|Any CPU
		{F8E4C5D6-2B7A-4E3F-9C1D-8A6F5B2E9D3C}.Debug|Any CPU.Build.0 = Debug|Any CPU
		{F8E4C5D6-2B7A-4E3F-9C1D-8A6F5B2E9D3C}.Debug|x64.ActiveCfg = Debug|Any CPU
		{F8E4C5D6-2B7A-4E3F-9C1D-8A6F5B2E9D3C}.Debug|x64.Build.0 = Debug|Any CPU
		{F8E4C5D6-2B7A-4E3F-9C1D-8A6F5B2E9D3C}.Debug|x86.ActiveCfg = Debug|Any CPU
		{F8E4C5D6-2B7A-4E3F-9C1D-8A6F5B2E9D3C}.Debug|x86.Build.0 = Debug|Any CPU
		{F8E4C5D6-2B7A-4E3F-9C1D-8A6F5B2E9D3C}.Release|Any CPU.ActiveCfg = Release|Any CPU
		{F8E4C5D6-2B7A-4E3F-9C1D-8A6F5B2E9D3C}.Release|Any CPU.Build.0 = Release|Any CPU
		{F8E4C5D6-2B7A-4E3F-9C1D-8A6F5B2E9D3C}.Release|x64.ActiveCfg = Release|Any CPU
		{F8E4C5D6-2B7A-4E3F-9C1D-8A6F5B2E9D3C}.Release|x64.Build.0 = Release|Any CPU
		{F8E4C5D6-2B7A-4E3F-9C1D-8A6F5B2E9D3C}.Release|x86.ActiveCfg = Release|Any CPU
		{F8E4C5D6-2B7A-4E3F-9C1D-8A6F5B2E9D3C}.Release|x86.Build.0 = Release|Any CPU
		{4996A52A-B5A9-48B9-A87E-9A735423BF61}.Debug|Any CPU.ActiveCfg = Debug|Any CPU
		{4996A52A-B5A9-48B9-A87E-9A735423BF61}.Debug|Any CPU.Build.0 = Debug|Any CPU
		{4996A52A-B5A9-48B9-A87E-9A735423BF61}.Debug|x64.ActiveCfg = Debug|Any CPU
		{4996A52A-B5A9-48B9-A87E-9A735423BF61}.Debug|x64.Build.0 = Debug|Any CPU
		{4996A52A-B5A9-48B9-A87E-9A735423BF61}.Debug|x86.ActiveCfg = Debug|Any CPU
		{4996A52A-B5A9-48B9-A87E-9A735423BF61}.Debug|x86.Build.0 = Debug|Any CPU
		{4996A52A-B5A9-48B9-A87E-9A735423BF61}.Release|Any CPU.ActiveCfg = Release|Any CPU
		{4996A52A-B5A9-48B9-A87E-9A735423BF61}.Release|Any CPU.Build.0 = Release|Any CPU
		{4996A52A-B5A9-48B9-A87E-9A735423BF61}.Release|x64.ActiveCfg = Release|Any CPU
		{4996A52A-B5A9-48B9-A87E-9A735423BF61}.Release|x64.Build.0 = Release|Any CPU
		{4996A52A-B5A9-48B9-A87E-9A735423BF61}.Release|x86.ActiveCfg = Release|Any CPU
		{4996A52A-B5A9-48B9-A87E-9A735423BF61}.Release|x86.Build.0 = Release|Any CPU
		{A9374B6B-2CF8-4298-879E-38C9A8B442FC}.Debug|Any CPU.ActiveCfg = Debug|Any CPU
		{A9374B6B-2CF8-4298-879E-38C9A8B442FC}.Debug|Any CPU.Build.0 = Debug|Any CPU
		{A9374B6B-2CF8-4298-879E-38C9A8B442FC}.Debug|x64.ActiveCfg = Debug|Any CPU
		{A9374B6B-2CF8-4298-879E-38C9A8B442FC}.Debug|x64.Build.0 = Debug|Any CPU
		{A9374B6B-2CF8-4298-879E-38C9A8B442FC}.Debug|x86.ActiveCfg = Debug|Any CPU
		{A9374B6B-2CF8-4298-879E-38C9A8B442FC}.Debug|x86.Build.0 = Debug|Any CPU
		{A9374B6B-2CF8-4298-879E-38C9A8B442FC}.Release|Any CPU.ActiveCfg = Release|Any CPU
		{A9374B6B-2CF8-4298-879E-38C9A8B442FC}.Release|Any CPU.Build.0 = Release|Any CPU
		{A9374B6B-2CF8-4298-879E-38C9A8B442FC}.Release|x64.ActiveCfg = Release|Any CPU
		{A9374B6B-2CF8-4298-879E-38C9A8B442FC}.Release|x64.Build.0 = Release|Any CPU
		{A9374B6B-2CF8-4298-879E-38C9A8B442FC}.Release|x86.ActiveCfg = Release|Any CPU
		{A9374B6B-2CF8-4298-879E-38C9A8B442FC}.Release|x86.Build.0 = Release|Any CPU
		{3D0F1627-ABC7-41C0-86D5-C11791998223}.Debug|Any CPU.ActiveCfg = Debug|Any CPU
		{3D0F1627-ABC7-41C0-86D5-C11791998223}.Debug|Any CPU.Build.0 = Debug|Any CPU
		{3D0F1627-ABC7-41C0-86D5-C11791998223}.Debug|x64.ActiveCfg = Debug|Any CPU
		{3D0F1627-ABC7-41C0-86D5-C11791998223}.Debug|x64.Build.0 = Debug|Any CPU
		{3D0F1627-ABC7-41C0-86D5-C11791998223}.Debug|x86.ActiveCfg = Debug|Any CPU
		{3D0F1627-ABC7-41C0-86D5-C11791998223}.Debug|x86.Build.0 = Debug|Any CPU
		{3D0F1627-ABC7-41C0-86D5-C11791998223}.Release|Any CPU.ActiveCfg = Release|Any CPU
		{3D0F1627-ABC7-41C0-86D5-C11791998223}.Release|Any CPU.Build.0 = Release|Any CPU
		{3D0F1627-ABC7-41C0-86D5-C11791998223}.Release|x64.ActiveCfg = Release|Any CPU
		{3D0F1627-ABC7-41C0-86D5-C11791998223}.Release|x64.Build.0 = Release|Any CPU
		{3D0F1627-ABC7-41C0-86D5-C11791998223}.Release|x86.ActiveCfg = Release|Any CPU
		{3D0F1627-ABC7-41C0-86D5-C11791998223}.Release|x86.Build.0 = Release|Any CPU
	EndGlobalSection
	GlobalSection(SolutionProperties) = preSolution
		HideSolutionNode = FALSE
	EndGlobalSection
	GlobalSection(NestedProjects) = preSolution
		{E1ED7AEB-4C08-48CF-8CED-6AA64E555A5C} = {827E0CD3-B72D-47B6-A68D-7590B98EB39B}
		{B3F4955F-297D-460D-8754-0CD74BDCAB75} = {827E0CD3-B72D-47B6-A68D-7590B98EB39B}
		{03C1337E-E2C1-710F-A2A2-EFEB42D0371B} = {827E0CD3-B72D-47B6-A68D-7590B98EB39B}
		{C141873B-3913-4B27-AEAA-C65217177E94} = {03C1337E-E2C1-710F-A2A2-EFEB42D0371B}
		{7F43FBED-14A4-4B45-8DA1-317E6B2FE78C} = {827E0CD3-B72D-47B6-A68D-7590B98EB39B}
		{4996A52A-B5A9-48B9-A87E-9A735423BF61} = {827E0CD3-B72D-47B6-A68D-7590B98EB39B}
		{A9374B6B-2CF8-4298-879E-38C9A8B442FC} = {827E0CD3-B72D-47B6-A68D-7590B98EB39B}
		{3D0F1627-ABC7-41C0-86D5-C11791998223} = {827E0CD3-B72D-47B6-A68D-7590B98EB39B}
	EndGlobalSection
EndGlobal
